<Solution>
  <Folder Name="/src/">
    <Project Path="src/MiniAdmin.Api/MiniAdmin.Api.csproj" />
    <Project Path="src/MiniAdmin.Gateway/MiniAdmin.Gateway.csproj" />
    <Project Path="src/MiniAdmin.Application.Contracts/MiniAdmin.Application.Contracts.csproj" />
    <Project Path="src/MiniAdmin.Application/MiniAdmin.Application.csproj" />
    <Project Path="src/MiniAdmin.Domain.Shared/MiniAdmin.Domain.Shared.csproj" />
    <Project Path="src/MiniAdmin.Domain/MiniAdmin.Domain.csproj" />
    <Project Path="src/MiniAdmin.Infrastructure/MiniAdmin.Infrastructure.csproj" />
    <Project Path="src/MiniAdmin.Platform.AspNetCore/MiniAdmin.Platform.AspNetCore.csproj" />
    <Project Path="src/MiniAdmin.Platform.Core/MiniAdmin.Platform.Core.csproj" />
    <Project Path="src/MiniAdmin.Shared/MiniAdmin.Shared.csproj" />
  </Folder>
  <Folder Name="/tests/">
    <Project Path="tests/MiniAdmin.Tests/MiniAdmin.Tests.csproj" />
  </Folder>
</Solution>
